
Microsoft Visual Studio Solution File, Format Version 12.00
# Visual Studio Version 17
VisualStudioVersion = 17.4.33205.214
MinimumVisualStudioVersion = 10.0.40219.1
Project("{FAE04EC0-301F-11D3-BF4B-00C04F79EFBC}") = "Formulario_IO", "Formulario_IO\Formulario_IO.csproj", "{AAF97822-0790-4D9A-9FE7-95F172FD9396}"
EndProject
Global
	GlobalSection(SolutionConfigurationPlatforms) = preSolution
		Debug|Any CPU = Debug|Any CPU
		Release|Any CPU = Release|Any CPU
	EndGlobalSection
	GlobalSection(ProjectConfigurationPlatforms) = postSolution
		{AAF97822-0790-4D9A-9FE7-95F172FD9396}.Debug|Any CPU.ActiveCfg = Debug|Any CPU
		{AAF97822-0790-4D9A-9FE7-95F172FD9396}.Debug|Any CPU.Build.0 = Debug|Any CPU
		{AAF97822-0790-4D9A-9FE7-95F172FD9396}.Release|Any CPU.ActiveCfg = Release|Any CPU
		{AAF97822-0790-4D9A-9FE7-95F172FD9396}.Release|Any CPU.Build.0 = Release|Any CPU
	EndGlobalSection
	GlobalSection(SolutionProperties) = preSolution
		HideSolutionNode = FALSE
	EndGlobalSection
	GlobalSection(ExtensibilityGlobals) = postSolution
		SolutionGuid = {B6DF994E-94F7-49BE-86C2-E14F8744FC01}
	EndGlobalSection
EndGlobal
